
Microsoft Visual Studio Solution File, Format Version 12.00
# Visual Studio Version 17
VisualStudioVersion = 17.0.32112.339
MinimumVisualStudioVersion = 10.0.40219.1
Project("{FAE04EC0-301F-11D3-BF4B-00C04F79EFBC}") = "SolanaWallet.Server", "SolanaWallet\Server\SolanaWallet.Server.csproj", "{FAB749B1-21F7-422D-8A4E-C66A8FC14794}"
EndProject
Project("{FAE04EC0-301F-11D3-BF4B-00C04F79EFBC}") = "SolanaWallet.Client", "SolanaWallet\Client\SolanaWallet.Client.csproj", "{C9079491-5168-42DE-8E00-8FE063A7EA8F}"
EndProject
Project("{FAE04EC0-301F-11D3-BF4B-00C04F79EFBC}") = "SolanaWallet.Shared", "SolanaWallet\Shared\SolanaWallet.Shared.csproj", "{9ED096AC-DF19-4E0E-A334-7F6FC87892EF}"
EndProject
Global
	GlobalSection(SolutionConfigurationPlatforms) = preSolution
		Debug|Any CPU = Debug|Any CPU
		Release|Any CPU = Release|Any CPU
	EndGlobalSection
	GlobalSection(ProjectConfigurationPlatforms) = postSolution
		{FAB749B1-21F7-422D-8A4E-C66A8FC14794}.Debug|Any CPU.ActiveCfg = Debug|Any CPU
		{FAB749B1-21F7-422D-8A4E-C66A8FC14794}.Debug|Any CPU.Build.0 = Debug|Any CPU
		{FAB749B1-21F7-422D-8A4E-C66A8FC14794}.Release|Any CPU.ActiveCfg = Release|Any CPU
		{FAB749B1-21F7-422D-8A4E-C66A8FC14794}.Release|Any CPU.Build.0 = Release|Any CPU
		{C9079491-5168-42DE-8E00-8FE063A7EA8F}.Debug|Any CPU.ActiveCfg = Debug|Any CPU
		{C9079491-5168-42DE-8E00-8FE063A7EA8F}.Debug|Any CPU.Build.0 = Debug|Any CPU
		{C9079491-5168-42DE-8E00-8FE063A7EA8F}.Release|Any CPU.ActiveCfg = Release|Any CPU
		{C9079491-5168-42DE-8E00-8FE063A7EA8F}.Release|Any CPU.Build.0 = Release|Any CPU
		{9ED096AC-DF19-4E0E-A334-7F6FC87892EF}.Debug|Any CPU.ActiveCfg = Debug|Any CPU
		{9ED096AC-DF19-4E0E-A334-7F6FC87892EF}.Debug|Any CPU.Build.0 = Debug|Any CPU
		{9ED096AC-DF19-4E0E-A334-7F6FC87892EF}.Release|Any CPU.ActiveCfg = Release|Any CPU
		{9ED096AC-DF19-4E0E-A334-7F6FC87892EF}.Release|Any CPU.Build.0 = Release|Any CPU
	EndGlobalSection
	GlobalSection(SolutionProperties) = preSolution
		HideSolutionNode = FALSE
	EndGlobalSection
	GlobalSection(ExtensibilityGlobals) = postSolution
		SolutionGuid = {D66DD113-41D1-4DBA-A79B-7260E2D8D23C}
	EndGlobalSection
EndGlobal
